
Microsoft Visual Studio Solution File, Format Version 12.00
# Visual Studio 2013
VisualStudioVersion = 12.0.31101.0
MinimumVisualStudioVersion = 10.0.40219.1
Project("{8BC9CEB8-8B4A-11D0-8D11-00A0C91BC942}") = "Ex1.1_Price_Puts", "Ex1.1_Price_Puts\Ex1.1_Price_Puts.vcxproj", "{708BBA0F-A724-452F-9762-CA3910455E90}"
EndProject
Global
	GlobalSection(SolutionConfigurationPlatforms) = preSolution
		Debug|Win32 = Debug|Win32
		Release|Win32 = Release|Win32
	EndGlobalSection
	GlobalSection(ProjectConfigurationPlatforms) = postSolution
		{708BBA0F-A724-452F-9762-CA3910455E90}.Debug|Win32.ActiveCfg = Debug|Win32
		{708BBA0F-A724-452F-9762-CA3910455E90}.Debug|Win32.Build.0 = Debug|Win32
		{708BBA0F-A724-452F-9762-CA3910455E90}.Release|Win32.ActiveCfg = Release|Win32
		{708BBA0F-A724-452F-9762-CA3910455E90}.Release|Win32.Build.0 = Release|Win32
	EndGlobalSection
	GlobalSection(SolutionProperties) = preSolution
		HideSolutionNode = FALSE
	EndGlobalSection
EndGlobal
